{
  "nodes": {
    "nixpkgs": {
      "locked": {
        "lastModified": 0,
        "narHash": "sha256-GcOQbOgmwlsRhpLGSwZJwLbo3pu9ochMETuRSS1xpz4=",
        "path": "/nix/store/fnbr9s78sy4islw83vsaf0hgf88hih5v-source",
        "type": "path"
      },
      "original": {
        "id": "nixpkgs",
        "type": "indirect"
      }
    },
    "nixpkgs-unstable": {
      "locked": {
        "lastModified": 1736134818,
        "narHash": "sha256-30sOEZ8CFK2nTTMdkhaNrfVlIi3rWTNV0Z5z+NmpFNI=",
        "owner": "nixos",
        "repo": "nixpkgs",
        "rev": "3df3c47c19dc90fec35359e89ffb52b34d2b0e94",
        "type": "github"
      },
      "original": {
        "owner": "nixos",
        "ref": "nixpkgs-unstable",
        "repo": "nixpkgs",
        "type": "github"
      }
    },
    "root": {
      "inputs": {
        "nixpkgs": "nixpkgs",
        "nixpkgs-unstable": "nixpkgs-unstable"
      }
    }
  },
  "root": "root",
  "version": 7
}
