# THIS IS AN AUTOGENERATED FILE. DO NOT EDIT THIS FILE DIRECTLY.
# yarn lockfile v1


ws@7.3.1:
  version "7.3.1"
  resolved "https://registry.yarnpkg.com/ws/-/ws-7.3.1.tgz#d0547bf67f7ce4f12a72dfe31262c68d7dc551c8"
  integrity sha512-D3RuNkynyHmEJIpD2qrgVkc9DQ23OrN/moAwZX4L8DfvszsJxpjQuUq3LMx6HoYji9fbIOBY18XWBsAux1ZZUA==
